// !$*UTF8*$!
{
	archiveVersion = 1;
	classes = {
	};
	objectVersion = 46;
	objects = {

/* Begin PBXBuildFile section */
		C0FEE5BA1B259AE9000B0627 /* AppDelegate.swift in Sources */ = {isa = PBXBuildFile; fileRef = C0FEE5B91B259AE9000B0627 /* AppDelegate.swift */; };
		C0FEE5BC1B259AE9000B0627 /* ViewController.swift in Sources */ = {isa = PBXBuildFile; fileRef = C0FEE5BB1B259AE9000B0627 /* ViewController.swift */; };
		C0FEE5BF1B259AE9000B0627 /* Main.storyboard in Resources */ = {isa = PBXBuildFile; fileRef = C0FEE5BD1B259AE9000B0627 /* Main.storyboard */; };
		C0FEE5C11B259AE9000B0627 /* Images.xcassets in Resources */ = {isa = PBXBuildFile; fileRef = C0FEE5C01B259AE9000B0627 /* Images.xcassets */; };
		C0FEE5C41B259AE9000B0627 /* LaunchScreen.xib in Resources */ = {isa = PBXBuildFile; fileRef = C0FEE5C21B259AE9000B0627 /* LaunchScreen.xib */; };
		C0FEE5D01B259AE9000B0627 /* YourLastTimeTests.swift in Sources */ = {isa = PBXBuildFile; fileRef = C0FEE5CF1B259AE9000B0627 /* YourLastTimeTests.swift */; };
/* End PBXBuildFile section */

/* Begin PBXContainerItemProxy section */
		C0FEE5CA1B259AE9000B0627 /* PBXContainerItemProxy */ = {
			isa = PBXContainerItemProxy;
			containerPortal = C0FEE5AC1B259AE9000B0627 /* Project object */;
			proxyType = 1;
			remoteGlobalIDString = C0FEE5B31B259AE9000B0627;
			remoteInfo = YourLastTime;
		};
/* End PBXContainerItemProxy section */

/* Begin PBXFileReference section */
		C0FEE5B41B259AE9000B0627 /* YourLastTime.app */ = {isa = PBXFileReference; explicitFileType = wrapper.application; includeInIndex = 0; path = YourLastTime.app; sourceTree = BUILT_PRODUCTS_DIR; };
		C0FEE5B81B259AE9000B0627 /* Info.plist */ = {isa = PBXFileReference; lastKnownFileType = text.plist.xml; path = Info.plist; sourceTree = "<group>"; };
		C0FEE5B91B259AE9000B0627 /* AppDelegate.swift */ = {isa = PBXFileReference; lastKnownFileType = sourcecode.swift; path = AppDelegate.swift; sourceTree = "<group>"; };
		C0FEE5BB1B259AE9000B0627 /* ViewController.swift */ = {isa = PBXFileReference; lastKnownFileType = sourcecode.swift; path = ViewController.swift; sourceTree = "<group>"; };
		C0FEE5BE1B259AE9000B0627 /* Base */ = {isa = PBXFileReference; lastKnownFileType = file.storyboard; name = Base; path = Base.lproj/Main.storyboard; sourceTree = "<group>"; };
		C0FEE5C01B259AE9000B0627 /* Images.xcassets */ = {isa = PBXFileReference; lastKnownFileType = folder.assetcatalog; path = Images.xcassets; sourceTree = "<group>"; };
		C0FEE5C31B259AE9000B0627 /* Base */ = {isa = PBXFileReference; lastKnownFileType = file.xib; name = Base; path = Base.lproj/LaunchScreen.xib; sourceTree = "<group>"; };
		C0FEE5C91B259AE9000B0627 /* YourLastTimeTests.xctest */ = {isa = PBXFileReference; explicitFileType = wrapper.cfbundle; includeInIndex = 0; path = YourLastTimeTests.xctest; sourceTree = BUILT_PRODUCTS_DIR; };
		C0FEE5CE1B259AE9000B0627 /* Info.plist */ = {isa = PBXFileReference; lastKnownFileType = text.plist.xml; path = Info.plist; sourceTree = "<group>"; };
		C0FEE5CF1B259AE9000B0627 /* YourLastTimeTests.swift */ = {isa = PBXFileReference; lastKnownFileType = sourcecode.swift; path = YourLastTimeTests.swift; sourceTree = "<group>"; };
/* End PBXFileReference section */

/* Begin PBXFrameworksBuildPhase section */
		C0FEE5B11B259AE9000B0627 /* Frameworks */ = {
			isa = PBXFrameworksBuildPhase;
			buildActionMask = 2147483647;
			files = (
			);
			runOnlyForDeploymentPostprocessing = 0;
		};
		C0FEE5C61B259AE9000B0627 /* Frameworks */ = {
			isa = PBXFrameworksBuildPhase;
			buildActionMask = 2147483647;
			files = (
			);
			runOnlyForDeploymentPostprocessing = 0;
		};
/* End PBXFrameworksBuildPhase section */

/* Begin PBXGroup section */
		C0FEE5AB1B259AE9000B0627 = {
			isa = PBXGroup;
			children = (
				C0FEE5B61B259AE9000B0627 /* YourLastTime */,
				C0FEE5CC1B259AE9000B0627 /* YourLastTimeTests */,
				C0FEE5B51B259AE9000B0627 /* Products */,
			);
			sourceTree = "<group>";
		};
		C0FEE5B51B259AE9000B0627 /* Products */ = {
			isa = PBXGroup;
			children = (
				C0FEE5B41B259AE9000B0627 /* YourLastTime.app */,
				C0FEE5C91B259AE9000B0627 /* YourLastTimeTests.xctest */,
			);
			name = Products;
			sourceTree = "<group>";
		};
		C0FEE5B61B259AE9000B0627 /* YourLastTime */ = {
			isa = PBXGroup;
			children = (
				C0FEE5B91B259AE9000B0627 /* AppDelegate.swift */,
				C0FEE5BB1B259AE9000B0627 /* ViewController.swift */,
				C0FEE5BD1B259AE9000B0627 /* Main.storyboard */,
				C0FEE5C01B259AE9000B0627 /* Images.xcassets */,
				C0FEE5C21B259AE9000B0627 /* LaunchScreen.xib */,
				C0FEE5B71B259AE9000B0627 /* Supporting Files */,
			);
			path = YourLastTime;
			sourceTree = "<group>";
		};
		C0FEE5B71B259AE9000B0627 /* Supporting Files */ = {
			isa = PBXGroup;
			children = (
				C0FEE5B81B259AE9000B0627 /* Info.plist */,
			);
			name = "Supporting Files";
			sourceTree = "<group>";
		};
		C0FEE5CC1B259AE9000B0627 /* YourLastTimeTests */ = {
			isa = PBXGroup;
			children = (
				C0FEE5CF1B259AE9000B0627 /* YourLastTimeTests.swift */,
				C0FEE5CD1B259AE9000B0627 /* Supporting Files */,
			);
			path = YourLastTimeTests;
			sourceTree = "<group>";
		};
		C0FEE5CD1B259AE9000B0627 /* Supporting Files */ = {
			isa = PBXGroup;
			children = (
				C0FEE5CE1B259AE9000B0627 /* Info.plist */,
			);
			name = "Supporting Files";
			sourceTree = "<group>";
		};
/* End PBXGroup section */

/* Begin PBXNativeTarget section */
		C0FEE5B31B259AE9000B0627 /* YourLastTime */ = {
			isa = PBXNativeTarget;
			buildConfigurationList = C0FEE5D31B259AE9000B0627 /* Build configuration list for PBXNativeTarget "YourLastTime" */;
			buildPhases = (
				C0FEE5B01B259AE9000B0627 /* Sources */,
				C0FEE5B11B259AE9000B0627 /* Frameworks */,
				C0FEE5B21B259AE9000B0627 /* Resources */,
			);
			buildRules = (
			);
			dependencies = (
			);
			name = YourLastTime;
			productName = YourLastTime;
			productReference = C0FEE5B41B259AE9000B0627 /* YourLastTime.app */;
			productType = "com.apple.product-type.application";
		};
		C0FEE5C81B259AE9000B0627 /* YourLastTimeTests */ = {
			isa = PBXNativeTarget;
			buildConfigurationList = C0FEE5D61B259AE9000B0627 /* Build configuration list for PBXNativeTarget "YourLastTimeTests" */;
			buildPhases = (
				C0FEE5C51B259AE9000B0627 /* Sources */,
				C0FEE5C61B259AE9000B0627 /* Frameworks */,
				C0FEE5C71B259AE9000B0627 /* Resources */,
			);
			buildRules = (
			);
			dependencies = (
				C0FEE5CB1B259AE9000B0627 /* PBXTargetDependency */,
			);
			name = YourLastTimeTests;
			productName = YourLastTimeTests;
			productReference = C0FEE5C91B259AE9000B0627 /* YourLastTimeTests.xctest */;
			productType = "com.apple.product-type.bundle.unit-test";
		};
/* End PBXNativeTarget section */

/* Begin PBXProject section */
		C0FEE5AC1B259AE9000B0627 /* Project object */ = {
			isa = PBXProject;
			attributes = {
				LastUpgradeCheck = 0630;
				ORGANIZATIONNAME = abanet;
				TargetAttributes = {
					C0FEE5B31B259AE9000B0627 = {
						CreatedOnToolsVersion = 6.3.1;
					};
					C0FEE5C81B259AE9000B0627 = {
						CreatedOnToolsVersion = 6.3.1;
						TestTargetID = C0FEE5B31B259AE9000B0627;
					};
				};
			};
			buildConfigurationList = C0FEE5AF1B259AE9000B0627 /* Build configuration list for PBXProject "YourLastTime" */;
			compatibilityVersion = "Xcode 3.2";
			developmentRegion = English;
			hasScannedForEncodings = 0;
			knownRegions = (
				en,
				Base,
			);
			mainGroup = C0FEE5AB1B259AE9000B0627;
			productRefGroup = C0FEE5B51B259AE9000B0627 /* Products */;
			projectDirPath = "";
			projectRoot = "";
			targets = (
				C0FEE5B31B259AE9000B0627 /* YourLastTime */,
				C0FEE5C81B259AE9000B0627 /* YourLastTimeTests */,
			);
		};
/* End PBXProject section */

/* Begin PBXResourcesBuildPhase section */
		C0FEE5B21B259AE9000B0627 /* Resources */ = {
			isa = PBXResourcesBuildPhase;
			buildActionMask = 2147483647;
			files = (
				C0FEE5BF1B259AE9000B0627 /* Main.storyboard in Resources */,
				C0FEE5C41B259AE9000B0627 /* LaunchScreen.xib in Resources */,
				C0FEE5C11B259AE9000B0627 /* Images.xcassets in Resources */,
			);
			runOnlyForDeploymentPostprocessing = 0;
		};
		C0FEE5C71B259AE9000B0627 /* Resources */ = {
			isa = PBXResourcesBuildPhase;
			buildActionMask = 2147483647;
			files = (
			);
			runOnlyForDeploymentPostprocessing = 0;
		};
/* End PBXResourcesBuildPhase section */

/* Begin PBXSourcesBuildPhase section */
		C0FEE5B01B259AE9000B0627 /* Sources */ = {
			isa = PBXSourcesBuildPhase;
			buildActionMask = 2147483647;
			files = (
				C0FEE5BC1B259AE9000B0627 /* ViewController.swift in Sources */,
				C0FEE5BA1B259AE9000B0627 /* AppDelegate.swift in Sources */,
			);
			runOnlyForDeploymentPostprocessing = 0;
		};
		C0FEE5C51B259AE9000B0627 /* Sources */ = {
			isa = PBXSourcesBuildPhase;
			buildActionMask = 2147483647;
			files = (
				C0FEE5D01B259AE9000B0627 /* YourLastTimeTests.swift in Sources */,
			);
			runOnlyForDeploymentPostprocessing = 0;
		};
/* End PBXSourcesBuildPhase section */

/* Begin PBXTargetDependency section */
		C0FEE5CB1B259AE9000B0627 /* PBXTargetDependency */ = {
			isa = PBXTargetDependency;
			target = C0FEE5B31B259AE9000B0627 /* YourLastTime */;
			targetProxy = C0FEE5CA1B259AE9000B0627 /* PBXContainerItemProxy */;
		};
/* End PBXTargetDependency section */

/* Begin PBXVariantGroup section */
		C0FEE5BD1B259AE9000B0627 /* Main.storyboard */ = {
			isa = PBXVariantGroup;
			children = (
				C0FEE5BE1B259AE9000B0627 /* Base */,
			);
			name = Main.storyboard;
			sourceTree = "<group>";
		};
		C0FEE5C21B259AE9000B0627 /* LaunchScreen.xib */ = {
			isa = PBXVariantGroup;
			children = (
				C0FEE5C31B259AE9000B0627 /* Base */,
			);
			name = LaunchScreen.xib;
			sourceTree = "<group>";
		};
/* End PBXVariantGroup section */

/* Begin XCBuildConfiguration section */
		C0FEE5D11B259AE9000B0627 /* Debug */ = {
			isa = XCBuildConfiguration;
			buildSettings = {
				ALWAYS_SEARCH_USER_PATHS = NO;
				CLANG_CXX_LANGUAGE_STANDARD = "gnu++0x";
				CLANG_CXX_LIBRARY = "libc++";
				CLANG_ENABLE_MODULES = YES;
				CLANG_ENABLE_OBJC_ARC = YES;
				CLANG_WARN_BOOL_CONVERSION = YES;
				CLANG_WARN_CONSTANT_CONVERSION = YES;
				CLANG_WARN_DIRECT_OBJC_ISA_USAGE = YES_ERROR;
				CLANG_WARN_EMPTY_BODY = YES;
				CLANG_WARN_ENUM_CONVERSION = YES;
				CLANG_WARN_INT_CONVERSION = YES;
				CLANG_WARN_OBJC_ROOT_CLASS = YES_ERROR;
				CLANG_WARN_UNREACHABLE_CODE = YES;
				CLANG_WARN__DUPLICATE_METHOD_MATCH = YES;
				"CODE_SIGN_IDENTITY[sdk=iphoneos*]" = "iPhone Developer";
				COPY_PHASE_STRIP = NO;
				DEBUG_INFORMATION_FORMAT = "dwarf-with-dsym";
				ENABLE_STRICT_OBJC_MSGSEND = YES;
				GCC_C_LANGUAGE_STANDARD = gnu99;
				GCC_DYNAMIC_NO_PIC = NO;
				GCC_NO_COMMON_BLOCKS = YES;
				GCC_OPTIMIZATION_LEVEL = 0;
				GCC_PREPROCESSOR_DEFINITIONS = (
					"DEBUG=1",
					"$(inherited)",
				);
				GCC_SYMBOLS_PRIVATE_EXTERN = NO;
				GCC_WARN_64_TO_32_BIT_CONVERSION = YES;
				GCC_WARN_ABOUT_RETURN_TYPE = YES_ERROR;
				GCC_WARN_UNDECLARED_SELECTOR = YES;
				GCC_WARN_UNINITIALIZED_AUTOS = YES_AGGRESSIVE;
				GCC_WARN_UNUSED_FUNCTION = YES;
				GCC_WARN_UNUSED_VARIABLE = YES;
				IPHONEOS_DEPLOYMENT_TARGET = 8.3;
				MTL_ENABLE_DEBUG_INFO = YES;
				ONLY_ACTIVE_ARCH = YES;
				SDKROOT = iphoneos;
				SWIFT_OPTIMIZATION_LEVEL = "-Onone";
			};
			name = Debug;
		};
		C0FEE5D21B259AE9000B0627 /* Release */ = {
			isa = XCBuildConfiguration;
			buildSettings = {
				ALWAYS_SEARCH_USER_PATHS = NO;
				CLANG_CXX_LANGUAGE_STANDARD = "gnu++0x";
				CLANG_CXX_LIBRARY = "libc++";
				CLANG_ENABLE_MODULES = YES;
				CLANG_ENABLE_OBJC_ARC = YES;
				CLANG_WARN_BOOL_CONVERSION = YES;
				CLANG_WARN_CONSTANT_CONVERSION = YES;
				CLANG_WARN_DIRECT_OBJC_ISA_USAGE = YES_ERROR;
				CLANG_WARN_EMPTY_BODY = YES;
				CLANG_WARN_ENUM_CONVERSION = YES;
				CLANG_WARN_INT_CONVERSION = YES;
				CLANG_WARN_OBJC_ROOT_CLASS = YES_ERROR;
				CLANG_WARN_UNREACHABLE_CODE = YES;
				CLANG_WARN__DUPLICATE_METHOD_MATCH = YES;
				"CODE_SIGN_IDENTITY[sdk=iphoneos*]" = "iPhone Developer";
				COPY_PHASE_STRIP = NO;
				DEBUG_INFORMATION_FORMAT = "dwarf-with-dsym";
				ENABLE_NS_ASSERTIONS = NO;
				ENABLE_STRICT_OBJC_MSGSEND = YES;
				GCC_C_LANGUAGE_STANDARD = gnu99;
				GCC_NO_COMMON_BLOCKS = YES;
				GCC_WARN_64_TO_32_BIT_CONVERSION = YES;
				GCC_WARN_ABOUT_RETURN_TYPE = YES_ERROR;
				GCC_WARN_UNDECLARED_SELECTOR = YES;
				GCC_WARN_UNINITIALIZED_AUTOS = YES_AGGRESSIVE;
				GCC_WARN_UNUSED_FUNCTION = YES;
				GCC_WARN_UNUSED_VARIABLE = YES;
				IPHONEOS_DEPLOYMENT_TARGET = 8.3;
				MTL_ENABLE_DEBUG_INFO = NO;
				SDKROOT = iphoneos;
				VALIDATE_PRODUCT = YES;
			};
			name = Release;
		};
		C0FEE5D41B259AE9000B0627 /* Debug */ = {
			isa = XCBuildConfiguration;
			buildSettings = {
				ASSETCATALOG_COMPILER_APPICON_NAME = AppIcon;
				INFOPLIST_FILE = YourLastTime/Info.plist;
				LD_RUNPATH_SEARCH_PATHS = "$(inherited) @executable_path/Frameworks";
				PRODUCT_NAME = "$(TARGET_NAME)";
			};
			name = Debug;
		};
		C0FEE5D51B259AE9000B0627 /* Release */ = {
			isa = XCBuildConfiguration;
			buildSettings = {
				ASSETCATALOG_COMPILER_APPICON_NAME = AppIcon;
				INFOPLIST_FILE = YourLastTime/Info.plist;
				LD_RUNPATH_SEARCH_PATHS = "$(inherited) @executable_path/Frameworks";
				PRODUCT_NAME = "$(TARGET_NAME)";
			};
			name = Release;
		};
		C0FEE5D71B259AE9000B0627 /* Debug */ = {
			isa = XCBuildConfiguration;
			buildSettings = {
				BUNDLE_LOADER = "$(TEST_HOST)";
				FRAMEWORK_SEARCH_PATHS = (
					"$(SDKROOT)/Developer/Library/Frameworks",
					"$(inherited)",
				);
				GCC_PREPROCESSOR_DEFINITIONS = (
					"DEBUG=1",
					"$(inherited)",
				);
				INFOPLIST_FILE = YourLastTimeTests/Info.plist;
				LD_RUNPATH_SEARCH_PATHS = "$(inherited) @executable_path/Frameworks @loader_path/Frameworks";
				PRODUCT_NAME = "$(TARGET_NAME)";
				TEST_HOST = "$(BUILT_PRODUCTS_DIR)/YourLastTime.app/YourLastTime";
			};
			name = Debug;
		};
		C0FEE5D81B259AE9000B0627 /* Release */ = {
			isa = XCBuildConfiguration;
			buildSettings = {
				BUNDLE_LOADER = "$(TEST_HOST)";
				FRAMEWORK_SEARCH_PATHS = (
					"$(SDKROOT)/Developer/Library/Frameworks",
					"$(inherited)",
				);
				INFOPLIST_FILE = YourLastTimeTests/Info.plist;
				LD_RUNPATH_SEARCH_PATHS = "$(inherited) @executable_path/Frameworks @loader_path/Frameworks";
				PRODUCT_NAME = "$(TARGET_NAME)";
				TEST_HOST = "$(BUILT_PRODUCTS_DIR)/YourLastTime.app/YourLastTime";
			};
			name = Release;
		};
/* End XCBuildConfiguration section */

/* Begin XCConfigurationList section */
		C0FEE5AF1B259AE9000B0627 /* Build configuration list for PBXProject "YourLastTime" */ = {
			isa = XCConfigurationList;
			buildConfigurations = (
				C0FEE5D11B259AE9000B0627 /* Debug */,
				C0FEE5D21B259AE9000B0627 /* Release */,
			);
			defaultConfigurationIsVisible = 0;
			defaultConfigurationName = Release;
		};
		C0FEE5D31B259AE9000B0627 /* Build configuration list for PBXNativeTarget "YourLastTime" */ = {
			isa = XCConfigurationList;
			buildConfigurations = (
				C0FEE5D41B259AE9000B0627 /* Debug */,
				C0FEE5D51B259AE9000B0627 /* Release */,
			);
			defaultConfigurationIsVisible = 0;
		};
		C0FEE5D61B259AE9000B0627 /* Build configuration list for PBXNativeTarget "YourLastTimeTests" */ = {
			isa = XCConfigurationList;
			buildConfigurations = (
				C0FEE5D71B259AE9000B0627 /* Debug */,
				C0FEE5D81B259AE9000B0627 /* Release */,
			);
			defaultConfigurationIsVisible = 0;
		};
/* End XCConfigurationList section */
	};
	rootObject = C0FEE5AC1B259AE9000B0627 /* Project object */;
}
