<?xml version="1.0" encoding="UTF-8"?>
<Scheme
   version = "1.3">
   <BuildAction>
      <BuildActionEntries>
         <BuildActionEntry
            buildForRunning = "YES">
            <BuildableReference
               BuildableIdentifier = "primary"
               BlueprintIdentifier = "C0FEE5B31B259AE9000B0627"
               BuildableName = "YourLastTime.app"
               BlueprintName = "YourLastTime"
               ReferencedContainer = "container:YourLastTime.xcodeproj">
            </BuildableReference>
         </BuildActionEntry>
      </BuildActionEntries>
   </BuildAction>
   <LaunchAction
      useCustomWorkingDirectory = "NO"
      buildConfiguration = "Debug">
      <BuildableProductRunnable>
         <BuildableReference
            BuildableIdentifier = "primary"
            BlueprintIdentifier = "C0FEE5B31B259AE9000B0627"
            BuildableName = "YourLastTime.app"
            BlueprintName = "YourLastTime"
            ReferencedContainer = "container:YourLastTime.xcodeproj">
         </BuildableReference>
      </BuildableProductRunnable>
   </LaunchAction>
</Scheme>
